
Microsoft Visual Studio Solution File, Format Version 12.00
# Visual Studio 2017
Project("{FAE04EC0-301F-11D3-BF4B-00C04F79EFBC}") = "Fidget_Door", "Fidget_Door.csproj", "{29BE8F2D-E753-E8AF-830C-F156B83B9036}"
EndProject
Project("{FAE04EC0-301F-11D3-BF4B-00C04F79EFBC}") = "Fidget_Door.Editor", "Fidget_Door.Editor.csproj", "{6015DC16-40E9-C79F-6E9E-9F3ECBF10178}"
EndProject
Global
	GlobalSection(SolutionConfigurationPlatforms) = preSolution
		Debug|Any CPU = Debug|Any CPU
		Release|Any CPU = Release|Any CPU
	EndGlobalSection
	GlobalSection(ProjectConfigurationPlatforms) = postSolution
		{29BE8F2D-E753-E8AF-830C-F156B83B9036}.Debug|Any CPU.ActiveCfg = Debug|Any CPU
		{29BE8F2D-E753-E8AF-830C-F156B83B9036}.Debug|Any CPU.Build.0 = Debug|Any CPU
		{29BE8F2D-E753-E8AF-830C-F156B83B9036}.Release|Any CPU.ActiveCfg = Release|Any CPU
		{29BE8F2D-E753-E8AF-830C-F156B83B9036}.Release|Any CPU.Build.0 = Release|Any CPU
		{6015DC16-40E9-C79F-6E9E-9F3ECBF10178}.Debug|Any CPU.ActiveCfg = Debug|Any CPU
		{6015DC16-40E9-C79F-6E9E-9F3ECBF10178}.Debug|Any CPU.Build.0 = Debug|Any CPU
		{6015DC16-40E9-C79F-6E9E-9F3ECBF10178}.Release|Any CPU.ActiveCfg = Release|Any CPU
		{6015DC16-40E9-C79F-6E9E-9F3ECBF10178}.Release|Any CPU.Build.0 = Release|Any CPU
	EndGlobalSection
	GlobalSection(SolutionProperties) = preSolution
		HideSolutionNode = FALSE
	EndGlobalSection
EndGlobal
